// !$*UTF8*$!
{
	archiveVersion = 1;
	classes = {
	};
	objectVersion = 48;
	objects = {

/* Begin PBXBuildFile section */
		BA8B8E2A224DD9C900DFFE42 /* OverlayPlane.swift in Sources */ = {isa = PBXBuildFile; fileRef = BA8B8E29224DD9C900DFFE42 /* OverlayPlane.swift */; };
		BAB668E922495F4E00765A94 /* AppDelegate.swift in Sources */ = {isa = PBXBuildFile; fileRef = BAB668E822495F4E00765A94 /* AppDelegate.swift */; };
		BAB668EB22495F4E00765A94 /* art.scnassets in Resources */ = {isa = PBXBuildFile; fileRef = BAB668EA22495F4E00765A94 /* art.scnassets */; };
		BAB668ED22495F4E00765A94 /* ViewController.swift in Sources */ = {isa = PBXBuildFile; fileRef = BAB668EC22495F4E00765A94 /* ViewController.swift */; };
		BAB668F022495F4E00765A94 /* Main.storyboard in Resources */ = {isa = PBXBuildFile; fileRef = BAB668EE22495F4E00765A94 /* Main.storyboard */; };
		BAB668F222495F4E00765A94 /* Assets.xcassets in Resources */ = {isa = PBXBuildFile; fileRef = BAB668F122495F4E00765A94 /* Assets.xcassets */; };
		BAB668F522495F4E00765A94 /* LaunchScreen.storyboard in Resources */ = {isa = PBXBuildFile; fileRef = BAB668F322495F4E00765A94 /* LaunchScreen.storyboard */; };
/* End PBXBuildFile section */

/* Begin PBXFileReference section */
		BA8B8E29224DD9C900DFFE42 /* OverlayPlane.swift */ = {isa = PBXFileReference; lastKnownFileType = sourcecode.swift; path = OverlayPlane.swift; sourceTree = "<group>"; };
		BAB668E522495F4E00765A94 /* digital planes.app */ = {isa = PBXFileReference; explicitFileType = wrapper.application; includeInIndex = 0; path = "digital planes.app"; sourceTree = BUILT_PRODUCTS_DIR; };
		BAB668E822495F4E00765A94 /* AppDelegate.swift */ = {isa = PBXFileReference; lastKnownFileType = sourcecode.swift; path = AppDelegate.swift; sourceTree = "<group>"; };
		BAB668EA22495F4E00765A94 /* art.scnassets */ = {isa = PBXFileReference; lastKnownFileType = wrapper.scnassets; path = art.scnassets; sourceTree = "<group>"; };
		BAB668EC22495F4E00765A94 /* ViewController.swift */ = {isa = PBXFileReference; lastKnownFileType = sourcecode.swift; path = ViewController.swift; sourceTree = "<group>"; };
		BAB668EF22495F4E00765A94 /* Base */ = {isa = PBXFileReference; lastKnownFileType = file.storyboard; name = Base; path = Base.lproj/Main.storyboard; sourceTree = "<group>"; };
		BAB668F122495F4E00765A94 /* Assets.xcassets */ = {isa = PBXFileReference; lastKnownFileType = folder.assetcatalog; path = Assets.xcassets; sourceTree = "<group>"; };
		BAB668F422495F4E00765A94 /* Base */ = {isa = PBXFileReference; lastKnownFileType = file.storyboard; name = Base; path = Base.lproj/LaunchScreen.storyboard; sourceTree = "<group>"; };
		BAB668F622495F4E00765A94 /* Info.plist */ = {isa = PBXFileReference; lastKnownFileType = text.plist.xml; path = Info.plist; sourceTree = "<group>"; };
/* End PBXFileReference section */

/* Begin PBXFrameworksBuildPhase section */
		BAB668E222495F4E00765A94 /* Frameworks */ = {
			isa = PBXFrameworksBuildPhase;
			buildActionMask = 2147483647;
			files = (
			);
			runOnlyForDeploymentPostprocessing = 0;
		};
/* End PBXFrameworksBuildPhase section */

/* Begin PBXGroup section */
		BAB668DC22495F4D00765A94 = {
			isa = PBXGroup;
			children = (
				BAB668E722495F4E00765A94 /* digital planes */,
				BAB668E622495F4E00765A94 /* Products */,
			);
			sourceTree = "<group>";
		};
		BAB668E622495F4E00765A94 /* Products */ = {
			isa = PBXGroup;
			children = (
				BAB668E522495F4E00765A94 /* digital planes.app */,
			);
			name = Products;
			sourceTree = "<group>";
		};
		BAB668E722495F4E00765A94 /* digital planes */ = {
			isa = PBXGroup;
			children = (
				BAB668E822495F4E00765A94 /* AppDelegate.swift */,
				BAB668EA22495F4E00765A94 /* art.scnassets */,
				BAB668EC22495F4E00765A94 /* ViewController.swift */,
				BA8B8E29224DD9C900DFFE42 /* OverlayPlane.swift */,
				BAB668EE22495F4E00765A94 /* Main.storyboard */,
				BAB668F122495F4E00765A94 /* Assets.xcassets */,
				BAB668F322495F4E00765A94 /* LaunchScreen.storyboard */,
				BAB668F622495F4E00765A94 /* Info.plist */,
			);
			path = "digital planes";
			sourceTree = "<group>";
		};
/* End PBXGroup section */

/* Begin PBXNativeTarget section */
		BAB668E422495F4E00765A94 /* digital planes */ = {
			isa = PBXNativeTarget;
			buildConfigurationList = BAB668F922495F4E00765A94 /* Build configuration list for PBXNativeTarget "digital planes" */;
			buildPhases = (
				BAB668E122495F4E00765A94 /* Sources */,
				BAB668E222495F4E00765A94 /* Frameworks */,
				BAB668E322495F4E00765A94 /* Resources */,
			);
			buildRules = (
			);
			dependencies = (
			);
			name = "digital planes";
			productName = "digital planes";
			productReference = BAB668E522495F4E00765A94 /* digital planes.app */;
			productType = "com.apple.product-type.application";
		};
/* End PBXNativeTarget section */

/* Begin PBXProject section */
		BAB668DD22495F4E00765A94 /* Project object */ = {
			isa = PBXProject;
			attributes = {
				LastSwiftUpdateCheck = 0920;
				LastUpgradeCheck = 0920;
				ORGANIZATIONNAME = "Tiisetso Tjabane";
				TargetAttributes = {
					BAB668E422495F4E00765A94 = {
						CreatedOnToolsVersion = 9.2;
						ProvisioningStyle = Automatic;
					};
				};
			};
			buildConfigurationList = BAB668E022495F4E00765A94 /* Build configuration list for PBXProject "digital planes" */;
			compatibilityVersion = "Xcode 8.0";
			developmentRegion = en;
			hasScannedForEncodings = 0;
			knownRegions = (
				en,
				Base,
			);
			mainGroup = BAB668DC22495F4D00765A94;
			productRefGroup = BAB668E622495F4E00765A94 /* Products */;
			projectDirPath = "";
			projectRoot = "";
			targets = (
				BAB668E422495F4E00765A94 /* digital planes */,
			);
		};
/* End PBXProject section */

/* Begin PBXResourcesBuildPhase section */
		BAB668E322495F4E00765A94 /* Resources */ = {
			isa = PBXResourcesBuildPhase;
			buildActionMask = 2147483647;
			files = (
				BAB668EB22495F4E00765A94 /* art.scnassets in Resources */,
				BAB668F522495F4E00765A94 /* LaunchScreen.storyboard in Resources */,
				BAB668F222495F4E00765A94 /* Assets.xcassets in Resources */,
				BAB668F022495F4E00765A94 /* Main.storyboard in Resources */,
			);
			runOnlyForDeploymentPostprocessing = 0;
		};
/* End PBXResourcesBuildPhase section */

/* Begin PBXSourcesBuildPhase section */
		BAB668E122495F4E00765A94 /* Sources */ = {
			isa = PBXSourcesBuildPhase;
			buildActionMask = 2147483647;
			files = (
				BAB668ED22495F4E00765A94 /* ViewController.swift in Sources */,
				BA8B8E2A224DD9C900DFFE42 /* OverlayPlane.swift in Sources */,
				BAB668E922495F4E00765A94 /* AppDelegate.swift in Sources */,
			);
			runOnlyForDeploymentPostprocessing = 0;
		};
/* End PBXSourcesBuildPhase section */

/* Begin PBXVariantGroup section */
		BAB668EE22495F4E00765A94 /* Main.storyboard */ = {
			isa = PBXVariantGroup;
			children = (
				BAB668EF22495F4E00765A94 /* Base */,
			);
			name = Main.storyboard;
			sourceTree = "<group>";
		};
		BAB668F322495F4E00765A94 /* LaunchScreen.storyboard */ = {
			isa = PBXVariantGroup;
			children = (
				BAB668F422495F4E00765A94 /* Base */,
			);
			name = LaunchScreen.storyboard;
			sourceTree = "<group>";
		};
/* End PBXVariantGroup section */

/* Begin XCBuildConfiguration section */
		BAB668F722495F4E00765A94 /* Debug */ = {
			isa = XCBuildConfiguration;
			buildSettings = {
				ALWAYS_SEARCH_USER_PATHS = NO;
				CLANG_ANALYZER_NONNULL = YES;
				CLANG_ANALYZER_NUMBER_OBJECT_CONVERSION = YES_AGGRESSIVE;
				CLANG_CXX_LANGUAGE_STANDARD = "gnu++14";
				CLANG_CXX_LIBRARY = "libc++";
				CLANG_ENABLE_MODULES = YES;
				CLANG_ENABLE_OBJC_ARC = YES;
				CLANG_WARN_BLOCK_CAPTURE_AUTORELEASING = YES;
				CLANG_WARN_BOOL_CONVERSION = YES;
				CLANG_WARN_COMMA = YES;
				CLANG_WARN_CONSTANT_CONVERSION = YES;
				CLANG_WARN_DIRECT_OBJC_ISA_USAGE = YES_ERROR;
				CLANG_WARN_DOCUMENTATION_COMMENTS = YES;
				CLANG_WARN_EMPTY_BODY = YES;
				CLANG_WARN_ENUM_CONVERSION = YES;
				CLANG_WARN_INFINITE_RECURSION = YES;
				CLANG_WARN_INT_CONVERSION = YES;
				CLANG_WARN_NON_LITERAL_NULL_CONVERSION = YES;
				CLANG_WARN_OBJC_LITERAL_CONVERSION = YES;
				CLANG_WARN_OBJC_ROOT_CLASS = YES_ERROR;
				CLANG_WARN_RANGE_LOOP_ANALYSIS = YES;
				CLANG_WARN_STRICT_PROTOTYPES = YES;
				CLANG_WARN_SUSPICIOUS_MOVE = YES;
				CLANG_WARN_UNGUARDED_AVAILABILITY = YES_AGGRESSIVE;
				CLANG_WARN_UNREACHABLE_CODE = YES;
				CLANG_WARN__DUPLICATE_METHOD_MATCH = YES;
				CODE_SIGN_IDENTITY = "iPhone Developer";
				COPY_PHASE_STRIP = NO;
				DEBUG_INFORMATION_FORMAT = dwarf;
				ENABLE_STRICT_OBJC_MSGSEND = YES;
				ENABLE_TESTABILITY = YES;
				GCC_C_LANGUAGE_STANDARD = gnu11;
				GCC_DYNAMIC_NO_PIC = NO;
				GCC_NO_COMMON_BLOCKS = YES;
				GCC_OPTIMIZATION_LEVEL = 0;
				GCC_PREPROCESSOR_DEFINITIONS = (
					"DEBUG=1",
					"$(inherited)",
				);
				GCC_WARN_64_TO_32_BIT_CONVERSION = YES;
				GCC_WARN_ABOUT_RETURN_TYPE = YES_ERROR;
				GCC_WARN_UNDECLARED_SELECTOR = YES;
				GCC_WARN_UNINITIALIZED_AUTOS = YES_AGGRESSIVE;
				GCC_WARN_UNUSED_FUNCTION = YES;
				GCC_WARN_UNUSED_VARIABLE = YES;
				IPHONEOS_DEPLOYMENT_TARGET = 11.2;
				MTL_ENABLE_DEBUG_INFO = YES;
				ONLY_ACTIVE_ARCH = YES;
				SDKROOT = iphoneos;
				SWIFT_ACTIVE_COMPILATION_CONDITIONS = DEBUG;
				SWIFT_OPTIMIZATION_LEVEL = "-Onone";
			};
			name = Debug;
		};
		BAB668F822495F4E00765A94 /* Release */ = {
			isa = XCBuildConfiguration;
			buildSettings = {
				ALWAYS_SEARCH_USER_PATHS = NO;
				CLANG_ANALYZER_NONNULL = YES;
				CLANG_ANALYZER_NUMBER_OBJECT_CONVERSION = YES_AGGRESSIVE;
				CLANG_CXX_LANGUAGE_STANDARD = "gnu++14";
				CLANG_CXX_LIBRARY = "libc++";
				CLANG_ENABLE_MODULES = YES;
				CLANG_ENABLE_OBJC_ARC = YES;
				CLANG_WARN_BLOCK_CAPTURE_AUTORELEASING = YES;
				CLANG_WARN_BOOL_CONVERSION = YES;
				CLANG_WARN_COMMA = YES;
				CLANG_WARN_CONSTANT_CONVERSION = YES;
				CLANG_WARN_DIRECT_OBJC_ISA_USAGE = YES_ERROR;
				CLANG_WARN_DOCUMENTATION_COMMENTS = YES;
				CLANG_WARN_EMPTY_BODY = YES;
				CLANG_WARN_ENUM_CONVERSION = YES;
				CLANG_WARN_INFINITE_RECURSION = YES;
				CLANG_WARN_INT_CONVERSION = YES;
				CLANG_WARN_NON_LITERAL_NULL_CONVERSION = YES;
				CLANG_WARN_OBJC_LITERAL_CONVERSION = YES;
				CLANG_WARN_OBJC_ROOT_CLASS = YES_ERROR;
				CLANG_WARN_RANGE_LOOP_ANALYSIS = YES;
				CLANG_WARN_STRICT_PROTOTYPES = YES;
				CLANG_WARN_SUSPICIOUS_MOVE = YES;
				CLANG_WARN_UNGUARDED_AVAILABILITY = YES_AGGRESSIVE;
				CLANG_WARN_UNREACHABLE_CODE = YES;
				CLANG_WARN__DUPLICATE_METHOD_MATCH = YES;
				CODE_SIGN_IDENTITY = "iPhone Developer";
				COPY_PHASE_STRIP = NO;
				DEBUG_INFORMATION_FORMAT = "dwarf-with-dsym";
				ENABLE_NS_ASSERTIONS = NO;
				ENABLE_STRICT_OBJC_MSGSEND = YES;
				GCC_C_LANGUAGE_STANDARD = gnu11;
				GCC_NO_COMMON_BLOCKS = YES;
				GCC_WARN_64_TO_32_BIT_CONVERSION = YES;
				GCC_WARN_ABOUT_RETURN_TYPE = YES_ERROR;
				GCC_WARN_UNDECLARED_SELECTOR = YES;
				GCC_WARN_UNINITIALIZED_AUTOS = YES_AGGRESSIVE;
				GCC_WARN_UNUSED_FUNCTION = YES;
				GCC_WARN_UNUSED_VARIABLE = YES;
				IPHONEOS_DEPLOYMENT_TARGET = 11.2;
				MTL_ENABLE_DEBUG_INFO = NO;
				SDKROOT = iphoneos;
				SWIFT_OPTIMIZATION_LEVEL = "-Owholemodule";
				VALIDATE_PRODUCT = YES;
			};
			name = Release;
		};
		BAB668FA22495F4E00765A94 /* Debug */ = {
			isa = XCBuildConfiguration;
			buildSettings = {
				ASSETCATALOG_COMPILER_APPICON_NAME = AppIcon;
				CODE_SIGN_STYLE = Automatic;
				DEVELOPMENT_TEAM = 542QU8JRVF;
				INFOPLIST_FILE = "digital planes/Info.plist";
				LD_RUNPATH_SEARCH_PATHS = "$(inherited) @executable_path/Frameworks";
				PRODUCT_BUNDLE_IDENTIFIER = "com.dimpho.digital-planes";
				PRODUCT_NAME = "$(TARGET_NAME)";
				SWIFT_VERSION = 4.0;
				TARGETED_DEVICE_FAMILY = "1,2";
			};
			name = Debug;
		};
		BAB668FB22495F4E00765A94 /* Release */ = {
			isa = XCBuildConfiguration;
			buildSettings = {
				ASSETCATALOG_COMPILER_APPICON_NAME = AppIcon;
				CODE_SIGN_STYLE = Automatic;
				DEVELOPMENT_TEAM = 542QU8JRVF;
				INFOPLIST_FILE = "digital planes/Info.plist";
				LD_RUNPATH_SEARCH_PATHS = "$(inherited) @executable_path/Frameworks";
				PRODUCT_BUNDLE_IDENTIFIER = "com.dimpho.digital-planes";
				PRODUCT_NAME = "$(TARGET_NAME)";
				SWIFT_VERSION = 4.0;
				TARGETED_DEVICE_FAMILY = "1,2";
			};
			name = Release;
		};
/* End XCBuildConfiguration section */

/* Begin XCConfigurationList section */
		BAB668E022495F4E00765A94 /* Build configuration list for PBXProject "digital planes" */ = {
			isa = XCConfigurationList;
			buildConfigurations = (
				BAB668F722495F4E00765A94 /* Debug */,
				BAB668F822495F4E00765A94 /* Release */,
			);
			defaultConfigurationIsVisible = 0;
			defaultConfigurationName = Release;
		};
		BAB668F922495F4E00765A94 /* Build configuration list for PBXNativeTarget "digital planes" */ = {
			isa = XCConfigurationList;
			buildConfigurations = (
				BAB668FA22495F4E00765A94 /* Debug */,
				BAB668FB22495F4E00765A94 /* Release */,
			);
			defaultConfigurationIsVisible = 0;
			defaultConfigurationName = Release;
		};
/* End XCConfigurationList section */
	};
	rootObject = BAB668DD22495F4E00765A94 /* Project object */;
}
